// !$*UTF8*$!
{
	archiveVersion = 1;
	classes = {
	};
	objectVersion = 56;
	objects = {

/* Begin PBXBuildFile section */
		14D353CC2A57195100BCA567 /* TodoAppWithSwiftApp.swift in Sources */ = {isa = PBXBuildFile; fileRef = 14D353CB2A57195100BCA567 /* TodoAppWithSwiftApp.swift */; };
		14D353CE2A57195100BCA567 /* ContentView.swift in Sources */ = {isa = PBXBuildFile; fileRef = 14D353CD2A57195100BCA567 /* ContentView.swift */; };
		14D353D02A57195200BCA567 /* Assets.xcassets in Resources */ = {isa = PBXBuildFile; fileRef = 14D353CF2A57195200BCA567 /* Assets.xcassets */; };
		14D353D32A57195200BCA567 /* Preview Assets.xcassets in Resources */ = {isa = PBXBuildFile; fileRef = 14D353D22A57195200BCA567 /* Preview Assets.xcassets */; };
		14D353DB2A571B1500BCA567 /* ItemModel.swift in Sources */ = {isa = PBXBuildFile; fileRef = 14D353DA2A571B1500BCA567 /* ItemModel.swift */; };
		14D353DF2A571D5B00BCA567 /* ListViewModel.swift in Sources */ = {isa = PBXBuildFile; fileRef = 14D353DE2A571D5B00BCA567 /* ListViewModel.swift */; };
		14D353E22A5724A200BCA567 /* NoListView.swift in Sources */ = {isa = PBXBuildFile; fileRef = 14D353E12A5724A200BCA567 /* NoListView.swift */; };
		14D353E42A5728B900BCA567 /* AddView.swift in Sources */ = {isa = PBXBuildFile; fileRef = 14D353E32A5728B900BCA567 /* AddView.swift */; };
		14D353E62A57359300BCA567 /* ListRowItemView.swift in Sources */ = {isa = PBXBuildFile; fileRef = 14D353E52A57359300BCA567 /* ListRowItemView.swift */; };
		14D353E82A57375000BCA567 /* ListView.swift in Sources */ = {isa = PBXBuildFile; fileRef = 14D353E72A57375000BCA567 /* ListView.swift */; };
/* End PBXBuildFile section */

/* Begin PBXFileReference section */
		14D353C82A57195000BCA567 /* TodoAppWithSwift.app */ = {isa = PBXFileReference; explicitFileType = wrapper.application; includeInIndex = 0; path = TodoAppWithSwift.app; sourceTree = BUILT_PRODUCTS_DIR; };
		14D353CB2A57195100BCA567 /* TodoAppWithSwiftApp.swift */ = {isa = PBXFileReference; lastKnownFileType = sourcecode.swift; path = TodoAppWithSwiftApp.swift; sourceTree = "<group>"; };
		14D353CD2A57195100BCA567 /* ContentView.swift */ = {isa = PBXFileReference; lastKnownFileType = sourcecode.swift; path = ContentView.swift; sourceTree = "<group>"; };
		14D353CF2A57195200BCA567 /* Assets.xcassets */ = {isa = PBXFileReference; lastKnownFileType = folder.assetcatalog; path = Assets.xcassets; sourceTree = "<group>"; };
		14D353D22A57195200BCA567 /* Preview Assets.xcassets */ = {isa = PBXFileReference; lastKnownFileType = folder.assetcatalog; path = "Preview Assets.xcassets"; sourceTree = "<group>"; };
		14D353DA2A571B1500BCA567 /* ItemModel.swift */ = {isa = PBXFileReference; lastKnownFileType = sourcecode.swift; path = ItemModel.swift; sourceTree = "<group>"; };
		14D353DE2A571D5B00BCA567 /* ListViewModel.swift */ = {isa = PBXFileReference; lastKnownFileType = sourcecode.swift; path = ListViewModel.swift; sourceTree = "<group>"; };
		14D353E12A5724A200BCA567 /* NoListView.swift */ = {isa = PBXFileReference; lastKnownFileType = sourcecode.swift; path = NoListView.swift; sourceTree = "<group>"; };
		14D353E32A5728B900BCA567 /* AddView.swift */ = {isa = PBXFileReference; lastKnownFileType = sourcecode.swift; path = AddView.swift; sourceTree = "<group>"; };
		14D353E52A57359300BCA567 /* ListRowItemView.swift */ = {isa = PBXFileReference; lastKnownFileType = sourcecode.swift; path = ListRowItemView.swift; sourceTree = "<group>"; };
		14D353E72A57375000BCA567 /* ListView.swift */ = {isa = PBXFileReference; lastKnownFileType = sourcecode.swift; path = ListView.swift; sourceTree = "<group>"; };
/* End PBXFileReference section */

/* Begin PBXFrameworksBuildPhase section */
		14D353C52A57195000BCA567 /* Frameworks */ = {
			isa = PBXFrameworksBuildPhase;
			buildActionMask = 2147483647;
			files = (
			);
			runOnlyForDeploymentPostprocessing = 0;
		};
/* End PBXFrameworksBuildPhase section */

/* Begin PBXGroup section */
		14D353BF2A57195000BCA567 = {
			isa = PBXGroup;
			children = (
				14D353CA2A57195000BCA567 /* TodoAppWithSwift */,
				14D353C92A57195000BCA567 /* Products */,
			);
			sourceTree = "<group>";
		};
		14D353C92A57195000BCA567 /* Products */ = {
			isa = PBXGroup;
			children = (
				14D353C82A57195000BCA567 /* TodoAppWithSwift.app */,
			);
			name = Products;
			sourceTree = "<group>";
		};
		14D353CA2A57195000BCA567 /* TodoAppWithSwift */ = {
			isa = PBXGroup;
			children = (
				14D353E02A57248C00BCA567 /* View */,
				14D353DD2A571D4600BCA567 /* ViewModel */,
				14D353D92A571AF500BCA567 /* Models */,
				14D353CB2A57195100BCA567 /* TodoAppWithSwiftApp.swift */,
				14D353CD2A57195100BCA567 /* ContentView.swift */,
				14D353CF2A57195200BCA567 /* Assets.xcassets */,
				14D353D12A57195200BCA567 /* Preview Content */,
			);
			path = TodoAppWithSwift;
			sourceTree = "<group>";
		};
		14D353D12A57195200BCA567 /* Preview Content */ = {
			isa = PBXGroup;
			children = (
				14D353D22A57195200BCA567 /* Preview Assets.xcassets */,
			);
			path = "Preview Content";
			sourceTree = "<group>";
		};
		14D353D92A571AF500BCA567 /* Models */ = {
			isa = PBXGroup;
			children = (
				14D353DA2A571B1500BCA567 /* ItemModel.swift */,
			);
			path = Models;
			sourceTree = "<group>";
		};
		14D353DD2A571D4600BCA567 /* ViewModel */ = {
			isa = PBXGroup;
			children = (
				14D353DE2A571D5B00BCA567 /* ListViewModel.swift */,
			);
			path = ViewModel;
			sourceTree = "<group>";
		};
		14D353E02A57248C00BCA567 /* View */ = {
			isa = PBXGroup;
			children = (
				14D353E12A5724A200BCA567 /* NoListView.swift */,
				14D353E32A5728B900BCA567 /* AddView.swift */,
				14D353E52A57359300BCA567 /* ListRowItemView.swift */,
				14D353E72A57375000BCA567 /* ListView.swift */,
			);
			path = View;
			sourceTree = "<group>";
		};
/* End PBXGroup section */

/* Begin PBXNativeTarget section */
		14D353C72A57195000BCA567 /* TodoAppWithSwift */ = {
			isa = PBXNativeTarget;
			buildConfigurationList = 14D353D62A57195200BCA567 /* Build configuration list for PBXNativeTarget "TodoAppWithSwift" */;
			buildPhases = (
				14D353C42A57195000BCA567 /* Sources */,
				14D353C52A57195000BCA567 /* Frameworks */,
				14D353C62A57195000BCA567 /* Resources */,
			);
			buildRules = (
			);
			dependencies = (
			);
			name = TodoAppWithSwift;
			productName = TodoAppWithSwift;
			productReference = 14D353C82A57195000BCA567 /* TodoAppWithSwift.app */;
			productType = "com.apple.product-type.application";
		};
/* End PBXNativeTarget section */

/* Begin PBXProject section */
		14D353C02A57195000BCA567 /* Project object */ = {
			isa = PBXProject;
			attributes = {
				BuildIndependentTargetsInParallel = 1;
				LastSwiftUpdateCheck = 1410;
				LastUpgradeCheck = 1410;
				TargetAttributes = {
					14D353C72A57195000BCA567 = {
						CreatedOnToolsVersion = 14.1;
					};
				};
			};
			buildConfigurationList = 14D353C32A57195000BCA567 /* Build configuration list for PBXProject "TodoAppWithSwift" */;
			compatibilityVersion = "Xcode 14.0";
			developmentRegion = en;
			hasScannedForEncodings = 0;
			knownRegions = (
				en,
				Base,
			);
			mainGroup = 14D353BF2A57195000BCA567;
			productRefGroup = 14D353C92A57195000BCA567 /* Products */;
			projectDirPath = "";
			projectRoot = "";
			targets = (
				14D353C72A57195000BCA567 /* TodoAppWithSwift */,
			);
		};
/* End PBXProject section */

/* Begin PBXResourcesBuildPhase section */
		14D353C62A57195000BCA567 /* Resources */ = {
			isa = PBXResourcesBuildPhase;
			buildActionMask = 2147483647;
			files = (
				14D353D32A57195200BCA567 /* Preview Assets.xcassets in Resources */,
				14D353D02A57195200BCA567 /* Assets.xcassets in Resources */,
			);
			runOnlyForDeploymentPostprocessing = 0;
		};
/* End PBXResourcesBuildPhase section */

/* Begin PBXSourcesBuildPhase section */
		14D353C42A57195000BCA567 /* Sources */ = {
			isa = PBXSourcesBuildPhase;
			buildActionMask = 2147483647;
			files = (
				14D353E82A57375000BCA567 /* ListView.swift in Sources */,
				14D353DB2A571B1500BCA567 /* ItemModel.swift in Sources */,
				14D353CE2A57195100BCA567 /* ContentView.swift in Sources */,
				14D353E42A5728B900BCA567 /* AddView.swift in Sources */,
				14D353E22A5724A200BCA567 /* NoListView.swift in Sources */,
				14D353E62A57359300BCA567 /* ListRowItemView.swift in Sources */,
				14D353DF2A571D5B00BCA567 /* ListViewModel.swift in Sources */,
				14D353CC2A57195100BCA567 /* TodoAppWithSwiftApp.swift in Sources */,
			);
			runOnlyForDeploymentPostprocessing = 0;
		};
/* End PBXSourcesBuildPhase section */

/* Begin XCBuildConfiguration section */
		14D353D42A57195200BCA567 /* Debug */ = {
			isa = XCBuildConfiguration;
			buildSettings = {
				ALWAYS_SEARCH_USER_PATHS = NO;
				CLANG_ANALYZER_NONNULL = YES;
				CLANG_ANALYZER_NUMBER_OBJECT_CONVERSION = YES_AGGRESSIVE;
				CLANG_CXX_LANGUAGE_STANDARD = "gnu++20";
				CLANG_ENABLE_MODULES = YES;
				CLANG_ENABLE_OBJC_ARC = YES;
				CLANG_ENABLE_OBJC_WEAK = YES;
				CLANG_WARN_BLOCK_CAPTURE_AUTORELEASING = YES;
				CLANG_WARN_BOOL_CONVERSION = YES;
				CLANG_WARN_COMMA = YES;
				CLANG_WARN_CONSTANT_CONVERSION = YES;
				CLANG_WARN_DEPRECATED_OBJC_IMPLEMENTATIONS = YES;
				CLANG_WARN_DIRECT_OBJC_ISA_USAGE = YES_ERROR;
				CLANG_WARN_DOCUMENTATION_COMMENTS = YES;
				CLANG_WARN_EMPTY_BODY = YES;
				CLANG_WARN_ENUM_CONVERSION = YES;
				CLANG_WARN_INFINITE_RECURSION = YES;
				CLANG_WARN_INT_CONVERSION = YES;
				CLANG_WARN_NON_LITERAL_NULL_CONVERSION = YES;
				CLANG_WARN_OBJC_IMPLICIT_RETAIN_SELF = YES;
				CLANG_WARN_OBJC_LITERAL_CONVERSION = YES;
				CLANG_WARN_OBJC_ROOT_CLASS = YES_ERROR;
				CLANG_WARN_QUOTED_INCLUDE_IN_FRAMEWORK_HEADER = YES;
				CLANG_WARN_RANGE_LOOP_ANALYSIS = YES;
				CLANG_WARN_STRICT_PROTOTYPES = YES;
				CLANG_WARN_SUSPICIOUS_MOVE = YES;
				CLANG_WARN_UNGUARDED_AVAILABILITY = YES_AGGRESSIVE;
				CLANG_WARN_UNREACHABLE_CODE = YES;
				CLANG_WARN__DUPLICATE_METHOD_MATCH = YES;
				COPY_PHASE_STRIP = NO;
				DEBUG_INFORMATION_FORMAT = dwarf;
				ENABLE_STRICT_OBJC_MSGSEND = YES;
				ENABLE_TESTABILITY = YES;
				GCC_C_LANGUAGE_STANDARD = gnu11;
				GCC_DYNAMIC_NO_PIC = NO;
				GCC_NO_COMMON_BLOCKS = YES;
				GCC_OPTIMIZATION_LEVEL = 0;
				GCC_PREPROCESSOR_DEFINITIONS = (
					"DEBUG=1",
					"$(inherited)",
				);
				GCC_WARN_64_TO_32_BIT_CONVERSION = YES;
				GCC_WARN_ABOUT_RETURN_TYPE = YES_ERROR;
				GCC_WARN_UNDECLARED_SELECTOR = YES;
				GCC_WARN_UNINITIALIZED_AUTOS = YES_AGGRESSIVE;
				GCC_WARN_UNUSED_FUNCTION = YES;
				GCC_WARN_UNUSED_VARIABLE = YES;
				IPHONEOS_DEPLOYMENT_TARGET = 16.1;
				MTL_ENABLE_DEBUG_INFO = INCLUDE_SOURCE;
				MTL_FAST_MATH = YES;
				ONLY_ACTIVE_ARCH = YES;
				SDKROOT = iphoneos;
				SWIFT_ACTIVE_COMPILATION_CONDITIONS = DEBUG;
				SWIFT_OPTIMIZATION_LEVEL = "-Onone";
			};
			name = Debug;
		};
		14D353D52A57195200BCA567 /* Release */ = {
			isa = XCBuildConfiguration;
			buildSettings = {
				ALWAYS_SEARCH_USER_PATHS = NO;
				CLANG_ANALYZER_NONNULL = YES;
				CLANG_ANALYZER_NUMBER_OBJECT_CONVERSION = YES_AGGRESSIVE;
				CLANG_CXX_LANGUAGE_STANDARD = "gnu++20";
				CLANG_ENABLE_MODULES = YES;
				CLANG_ENABLE_OBJC_ARC = YES;
				CLANG_ENABLE_OBJC_WEAK = YES;
				CLANG_WARN_BLOCK_CAPTURE_AUTORELEASING = YES;
				CLANG_WARN_BOOL_CONVERSION = YES;
				CLANG_WARN_COMMA = YES;
				CLANG_WARN_CONSTANT_CONVERSION = YES;
				CLANG_WARN_DEPRECATED_OBJC_IMPLEMENTATIONS = YES;
				CLANG_WARN_DIRECT_OBJC_ISA_USAGE = YES_ERROR;
				CLANG_WARN_DOCUMENTATION_COMMENTS = YES;
				CLANG_WARN_EMPTY_BODY = YES;
				CLANG_WARN_ENUM_CONVERSION = YES;
				CLANG_WARN_INFINITE_RECURSION = YES;
				CLANG_WARN_INT_CONVERSION = YES;
				CLANG_WARN_NON_LITERAL_NULL_CONVERSION = YES;
				CLANG_WARN_OBJC_IMPLICIT_RETAIN_SELF = YES;
				CLANG_WARN_OBJC_LITERAL_CONVERSION = YES;
				CLANG_WARN_OBJC_ROOT_CLASS = YES_ERROR;
				CLANG_WARN_QUOTED_INCLUDE_IN_FRAMEWORK_HEADER = YES;
				CLANG_WARN_RANGE_LOOP_ANALYSIS = YES;
				CLANG_WARN_STRICT_PROTOTYPES = YES;
				CLANG_WARN_SUSPICIOUS_MOVE = YES;
				CLANG_WARN_UNGUARDED_AVAILABILITY = YES_AGGRESSIVE;
				CLANG_WARN_UNREACHABLE_CODE = YES;
				CLANG_WARN__DUPLICATE_METHOD_MATCH = YES;
				COPY_PHASE_STRIP = NO;
				DEBUG_INFORMATION_FORMAT = "dwarf-with-dsym";
				ENABLE_NS_ASSERTIONS = NO;
				ENABLE_STRICT_OBJC_MSGSEND = YES;
				GCC_C_LANGUAGE_STANDARD = gnu11;
				GCC_NO_COMMON_BLOCKS = YES;
				GCC_WARN_64_TO_32_BIT_CONVERSION = YES;
				GCC_WARN_ABOUT_RETURN_TYPE = YES_ERROR;
				GCC_WARN_UNDECLARED_SELECTOR = YES;
				GCC_WARN_UNINITIALIZED_AUTOS = YES_AGGRESSIVE;
				GCC_WARN_UNUSED_FUNCTION = YES;
				GCC_WARN_UNUSED_VARIABLE = YES;
				IPHONEOS_DEPLOYMENT_TARGET = 16.1;
				MTL_ENABLE_DEBUG_INFO = NO;
				MTL_FAST_MATH = YES;
				SDKROOT = iphoneos;
				SWIFT_COMPILATION_MODE = wholemodule;
				SWIFT_OPTIMIZATION_LEVEL = "-O";
				VALIDATE_PRODUCT = YES;
			};
			name = Release;
		};
		14D353D72A57195200BCA567 /* Debug */ = {
			isa = XCBuildConfiguration;
			buildSettings = {
				ASSETCATALOG_COMPILER_APPICON_NAME = AppIcon;
				ASSETCATALOG_COMPILER_GLOBAL_ACCENT_COLOR_NAME = AccentColor;
				CODE_SIGN_STYLE = Automatic;
				CURRENT_PROJECT_VERSION = 1;
				DEVELOPMENT_ASSET_PATHS = "\"TodoAppWithSwift/Preview Content\"";
				DEVELOPMENT_TEAM = 5T2SM27YAW;
				ENABLE_PREVIEWS = YES;
				GENERATE_INFOPLIST_FILE = YES;
				INFOPLIST_KEY_UIApplicationSceneManifest_Generation = YES;
				INFOPLIST_KEY_UIApplicationSupportsIndirectInputEvents = YES;
				INFOPLIST_KEY_UILaunchScreen_Generation = YES;
				INFOPLIST_KEY_UISupportedInterfaceOrientations_iPad = "UIInterfaceOrientationPortrait UIInterfaceOrientationPortraitUpsideDown UIInterfaceOrientationLandscapeLeft UIInterfaceOrientationLandscapeRight";
				INFOPLIST_KEY_UISupportedInterfaceOrientations_iPhone = "UIInterfaceOrientationPortrait UIInterfaceOrientationLandscapeLeft UIInterfaceOrientationLandscapeRight";
				LD_RUNPATH_SEARCH_PATHS = (
					"$(inherited)",
					"@executable_path/Frameworks",
				);
				MARKETING_VERSION = 1.0;
				PRODUCT_BUNDLE_IDENTIFIER = com.rakesh.mealapp.TodoAppWithSwift;
				PRODUCT_NAME = "$(TARGET_NAME)";
				SWIFT_EMIT_LOC_STRINGS = YES;
				SWIFT_VERSION = 5.0;
				TARGETED_DEVICE_FAMILY = "1,2";
			};
			name = Debug;
		};
		14D353D82A57195200BCA567 /* Release */ = {
			isa = XCBuildConfiguration;
			buildSettings = {
				ASSETCATALOG_COMPILER_APPICON_NAME = AppIcon;
				ASSETCATALOG_COMPILER_GLOBAL_ACCENT_COLOR_NAME = AccentColor;
				CODE_SIGN_STYLE = Automatic;
				CURRENT_PROJECT_VERSION = 1;
				DEVELOPMENT_ASSET_PATHS = "\"TodoAppWithSwift/Preview Content\"";
				DEVELOPMENT_TEAM = 5T2SM27YAW;
				ENABLE_PREVIEWS = YES;
				GENERATE_INFOPLIST_FILE = YES;
				INFOPLIST_KEY_UIApplicationSceneManifest_Generation = YES;
				INFOPLIST_KEY_UIApplicationSupportsIndirectInputEvents = YES;
				INFOPLIST_KEY_UILaunchScreen_Generation = YES;
				INFOPLIST_KEY_UISupportedInterfaceOrientations_iPad = "UIInterfaceOrientationPortrait UIInterfaceOrientationPortraitUpsideDown UIInterfaceOrientationLandscapeLeft UIInterfaceOrientationLandscapeRight";
				INFOPLIST_KEY_UISupportedInterfaceOrientations_iPhone = "UIInterfaceOrientationPortrait UIInterfaceOrientationLandscapeLeft UIInterfaceOrientationLandscapeRight";
				LD_RUNPATH_SEARCH_PATHS = (
					"$(inherited)",
					"@executable_path/Frameworks",
				);
				MARKETING_VERSION = 1.0;
				PRODUCT_BUNDLE_IDENTIFIER = com.rakesh.mealapp.TodoAppWithSwift;
				PRODUCT_NAME = "$(TARGET_NAME)";
				SWIFT_EMIT_LOC_STRINGS = YES;
				SWIFT_VERSION = 5.0;
				TARGETED_DEVICE_FAMILY = "1,2";
			};
			name = Release;
		};
/* End XCBuildConfiguration section */

/* Begin XCConfigurationList section */
		14D353C32A57195000BCA567 /* Build configuration list for PBXProject "TodoAppWithSwift" */ = {
			isa = XCConfigurationList;
			buildConfigurations = (
				14D353D42A57195200BCA567 /* Debug */,
				14D353D52A57195200BCA567 /* Release */,
			);
			defaultConfigurationIsVisible = 0;
			defaultConfigurationName = Release;
		};
		14D353D62A57195200BCA567 /* Build configuration list for PBXNativeTarget "TodoAppWithSwift" */ = {
			isa = XCConfigurationList;
			buildConfigurations = (
				14D353D72A57195200BCA567 /* Debug */,
				14D353D82A57195200BCA567 /* Release */,
			);
			defaultConfigurationIsVisible = 0;
			defaultConfigurationName = Release;
		};
/* End XCConfigurationList section */
	};
	rootObject = 14D353C02A57195000BCA567 /* Project object */;
}
